{
    "_readme": [
        "This file locks the dependencies of your project to a known state",
        "Read more about it at https://getcomposer.org/doc/01-basic-usage.md#installing-dependencies",
        "This file is @generated automatically"
    ],
    "content-hash": "6f459639f49e8a4e315b7b181b836bb8",
    "packages": [
        {
            "name": "ant-service/library",
            "version": "v0.1.11",
            "source": {
                "type": "git",
                "url": "https://github.com/ant-service/library.git",
                "reference": "b39f2f0a82508f67a9bdb5319718ecdd345d0476"
            },
            "dist": {
                "type": "zip",
                "url": "https://api.github.com/repos/ant-service/library/zipball/b39f2f0a82508f67a9bdb5319718ecdd345d0476",
                "reference": "b39f2f0a82508f67a9bdb5319718ecdd345d0476",
                "shasum": "",
                "mirrors": [
                    {
                        "url": "https://mirrors.aliyun.com/composer/dists/%package%/%reference%.%type%",
                        "preferred": true
                    }
                ]
            },
            "require": {
                "php": ">=7.1.0"
            },
            "type": "library",
            "autoload": {
                "psr-4": {
                    "AntService\\": "core",
                    "AntService\\Src\\Common\\": "source/common/",
                    "AntService\\Src\\DataBase\\": "source/database/",
                    "AntService\\Src\\Interfaces\\": "source/interfaces/",
                    "AntService\\Src\\Output\\": "source/output/",
                    "AntService\\Src\\Cache\\": "source/cache/"
                },
                "files": [
                    "core/Initialize.php",
                    "core/QuickFun.php"
                ]
            },
            "notification-url": "https://packagist.org/downloads/",
            "license": [
                "MIT"
            ],
            "authors": [
                {
                    "name": "MaHaiBo",
                    "email": "mahaibo@hongbang.js.cn"
                }
            ],
            "description": "ant service",
            "time": "2020-05-19T09:48:17+00:00"
        }
    ],
    "packages-dev": [],
    "aliases": [],
    "minimum-stability": "dev",
    "stability-flags": [],
    "prefer-stable": false,
    "prefer-lowest": false,
    "platform": {
        "php": ">=7.1.0"
    },
    "platform-dev": []
}
